
Microsoft Visual Studio Solution File, Format Version 12.00
# Visual Studio Version 16
VisualStudioVersion = 16.0.29326.143
MinimumVisualStudioVersion = 10.0.40219.1
Project("{FAE04EC0-301F-11D3-BF4B-00C04F79EFBC}") = "CreateClass", "CreateClass\CreateClass.csproj", "{6D3B517F-AEFF-4AC3-AD65-663F2C6FF511}"
EndProject
Project("{FAE04EC0-301F-11D3-BF4B-00C04F79EFBC}") = "TimerEvents", "TimerEvents\TimerEvents.csproj", "{597D2D6D-35AB-4BD0-8BFB-B149382E0289}"
EndProject
Project("{FAE04EC0-301F-11D3-BF4B-00C04F79EFBC}") = "SortString", "SortString\SortString.csproj", "{F9D48438-86D6-40B0-9957-5C78E333719E}"
EndProject
Project("{FAE04EC0-301F-11D3-BF4B-00C04F79EFBC}") = "SeekAndArchive", "SeekAndArchive\SeekAndArchive.csproj", "{A3F88D11-7C7E-40E8-8B36-A92B7508EE20}"
EndProject
Project("{FAE04EC0-301F-11D3-BF4B-00C04F79EFBC}") = "RegularExpression", "RegularExpression\RegularExpression.csproj", "{FFD774FA-9826-4B7B-9552-5BA6FE4F9807}"
EndProject
Project("{FAE04EC0-301F-11D3-BF4B-00C04F79EFBC}") = "RegularExpression.UnitTests", "RegularExpression.UnitTests\RegularExpression.UnitTests.csproj", "{4C736571-A7D5-4B6C-917B-E39B0963D596}"
EndProject
Project("{9A19103F-16F7-4668-BE54-9A1E7A4F7556}") = "SimpleThreadingDemo", "SimpleThreadingDemo\SimpleThreadingDemo.csproj", "{CD142674-14BD-45D4-BADD-AE759B3769E4}"
EndProject
Project("{FAE04EC0-301F-11D3-BF4B-00C04F79EFBC}") = "SingleInstance", "SingleInstance\SingleInstance.csproj", "{6224926D-183D-46A8-9B6A-261BEE9DAF29}"
EndProject
Global
	GlobalSection(SolutionConfigurationPlatforms) = preSolution
		Debug|Any CPU = Debug|Any CPU
		Release|Any CPU = Release|Any CPU
	EndGlobalSection
	GlobalSection(ProjectConfigurationPlatforms) = postSolution
		{6D3B517F-AEFF-4AC3-AD65-663F2C6FF511}.Debug|Any CPU.ActiveCfg = Debug|Any CPU
		{6D3B517F-AEFF-4AC3-AD65-663F2C6FF511}.Debug|Any CPU.Build.0 = Debug|Any CPU
		{6D3B517F-AEFF-4AC3-AD65-663F2C6FF511}.Release|Any CPU.ActiveCfg = Release|Any CPU
		{6D3B517F-AEFF-4AC3-AD65-663F2C6FF511}.Release|Any CPU.Build.0 = Release|Any CPU
		{597D2D6D-35AB-4BD0-8BFB-B149382E0289}.Debug|Any CPU.ActiveCfg = Debug|Any CPU
		{597D2D6D-35AB-4BD0-8BFB-B149382E0289}.Debug|Any CPU.Build.0 = Debug|Any CPU
		{597D2D6D-35AB-4BD0-8BFB-B149382E0289}.Release|Any CPU.ActiveCfg = Release|Any CPU
		{597D2D6D-35AB-4BD0-8BFB-B149382E0289}.Release|Any CPU.Build.0 = Release|Any CPU
		{F9D48438-86D6-40B0-9957-5C78E333719E}.Debug|Any CPU.ActiveCfg = Debug|Any CPU
		{F9D48438-86D6-40B0-9957-5C78E333719E}.Debug|Any CPU.Build.0 = Debug|Any CPU
		{F9D48438-86D6-40B0-9957-5C78E333719E}.Release|Any CPU.ActiveCfg = Release|Any CPU
		{F9D48438-86D6-40B0-9957-5C78E333719E}.Release|Any CPU.Build.0 = Release|Any CPU
		{A3F88D11-7C7E-40E8-8B36-A92B7508EE20}.Debug|Any CPU.ActiveCfg = Debug|Any CPU
		{A3F88D11-7C7E-40E8-8B36-A92B7508EE20}.Debug|Any CPU.Build.0 = Debug|Any CPU
		{A3F88D11-7C7E-40E8-8B36-A92B7508EE20}.Release|Any CPU.ActiveCfg = Release|Any CPU
		{A3F88D11-7C7E-40E8-8B36-A92B7508EE20}.Release|Any CPU.Build.0 = Release|Any CPU
		{FFD774FA-9826-4B7B-9552-5BA6FE4F9807}.Debug|Any CPU.ActiveCfg = Debug|Any CPU
		{FFD774FA-9826-4B7B-9552-5BA6FE4F9807}.Debug|Any CPU.Build.0 = Debug|Any CPU
		{FFD774FA-9826-4B7B-9552-5BA6FE4F9807}.Release|Any CPU.ActiveCfg = Release|Any CPU
		{FFD774FA-9826-4B7B-9552-5BA6FE4F9807}.Release|Any CPU.Build.0 = Release|Any CPU
		{4C736571-A7D5-4B6C-917B-E39B0963D596}.Debug|Any CPU.ActiveCfg = Debug|Any CPU
		{4C736571-A7D5-4B6C-917B-E39B0963D596}.Debug|Any CPU.Build.0 = Debug|Any CPU
		{4C736571-A7D5-4B6C-917B-E39B0963D596}.Release|Any CPU.ActiveCfg = Release|Any CPU
		{4C736571-A7D5-4B6C-917B-E39B0963D596}.Release|Any CPU.Build.0 = Release|Any CPU
		{CD142674-14BD-45D4-BADD-AE759B3769E4}.Debug|Any CPU.ActiveCfg = Debug|Any CPU
		{CD142674-14BD-45D4-BADD-AE759B3769E4}.Debug|Any CPU.Build.0 = Debug|Any CPU
		{CD142674-14BD-45D4-BADD-AE759B3769E4}.Release|Any CPU.ActiveCfg = Release|Any CPU
		{CD142674-14BD-45D4-BADD-AE759B3769E4}.Release|Any CPU.Build.0 = Release|Any CPU
		{6224926D-183D-46A8-9B6A-261BEE9DAF29}.Debug|Any CPU.ActiveCfg = Debug|Any CPU
		{6224926D-183D-46A8-9B6A-261BEE9DAF29}.Debug|Any CPU.Build.0 = Debug|Any CPU
		{6224926D-183D-46A8-9B6A-261BEE9DAF29}.Release|Any CPU.ActiveCfg = Release|Any CPU
		{6224926D-183D-46A8-9B6A-261BEE9DAF29}.Release|Any CPU.Build.0 = Release|Any CPU
	EndGlobalSection
	GlobalSection(SolutionProperties) = preSolution
		HideSolutionNode = FALSE
	EndGlobalSection
	GlobalSection(ExtensibilityGlobals) = postSolution
		SolutionGuid = {22AC8FCF-AA21-4942-8644-258022A4BEEA}
	EndGlobalSection
EndGlobal
